
Microsoft Visual Studio Solution File, Format Version 12.00
# Visual Studio Version 16
VisualStudioVersion = 16.0.30225.117
MinimumVisualStudioVersion = 10.0.40219.1
Project("{FAE04EC0-301F-11D3-BF4B-00C04F79EFBC}") = "889259 Actividad 2", "889259 Actividad 2\889259 Actividad 2.csproj", "{12D4722A-9CC7-465F-82FC-F25CF208B754}"
EndProject
Global
	GlobalSection(SolutionConfigurationPlatforms) = preSolution
		Debug|Any CPU = Debug|Any CPU
		Release|Any CPU = Release|Any CPU
	EndGlobalSection
	GlobalSection(ProjectConfigurationPlatforms) = postSolution
		{12D4722A-9CC7-465F-82FC-F25CF208B754}.Debug|Any CPU.ActiveCfg = Debug|Any CPU
		{12D4722A-9CC7-465F-82FC-F25CF208B754}.Debug|Any CPU.Build.0 = Debug|Any CPU
		{12D4722A-9CC7-465F-82FC-F25CF208B754}.Release|Any CPU.ActiveCfg = Release|Any CPU
		{12D4722A-9CC7-465F-82FC-F25CF208B754}.Release|Any CPU.Build.0 = Release|Any CPU
	EndGlobalSection
	GlobalSection(SolutionProperties) = preSolution
		HideSolutionNode = FALSE
	EndGlobalSection
	GlobalSection(ExtensibilityGlobals) = postSolution
		SolutionGuid = {96FE5BEC-762C-435D-B10D-523398A37B7D}
	EndGlobalSection
EndGlobal
